PODS:
  - EasyTipView (2.0.4)
  - FontAwesome.swift (1.9.0)
  - Spring (1.0.6)

DEPENDENCIES:
  - EasyTipView (~> 2.0.4)
  - FontAwesome.swift
  - Spring (from `https://github.com/MengTo/Spring.git`)

SPEC REPOS:
  https://github.com/CocoaPods/Specs.git:
    - EasyTipView
    - FontAwesome.swift

EXTERNAL SOURCES:
  Spring:
    :git: https://github.com/MengTo/Spring.git

CHECKOUT OPTIONS:
  Spring:
    :commit: 50d92a5b9e08848387ae95bf44c6ad20834f7083
    :git: https://github.com/MengTo/Spring.git

SPEC CHECKSUMS:
  EasyTipView: 4f8beae0a82db2ca4a9b5fd658785fc5f61d296b
  FontAwesome.swift: a403b88cec950511745ba8f2decd1b6a07346d13
  Spring: 3d113f14575ef79aec9c5f906dfa4f5001c03254

PODFILE CHECKSUM: bc9a2d101b2e90b913e9a699b4f2c1be9381c7e6

COCOAPODS: 1.9.1
