// !$*UTF8*$!
{
	archiveVersion = 1;
	classes = {
	};
	objectVersion = 46;
	objects = {

/* Begin PBXBuildFile section */
		192A82B21E1219EC00A9C2E1 /* prefecture.json in Resources */ = {isa = PBXBuildFile; fileRef = 192A82B11E1219EC00A9C2E1 /* prefecture.json */; };
		1989B6261E10E356007E87B2 /* Font_Awesome_Swift.framework in Frameworks */ = {isa = PBXBuildFile; fileRef = 1989B6251E10E356007E87B2 /* Font_Awesome_Swift.framework */; };
		1989B6281E10E455007E87B2 /* customTabBarController.swift in Sources */ = {isa = PBXBuildFile; fileRef = 1989B6271E10E455007E87B2 /* customTabBarController.swift */; };
		1989B62A1E10E9D5007E87B2 /* settingViewController.swift in Sources */ = {isa = PBXBuildFile; fileRef = 1989B6291E10E9D5007E87B2 /* settingViewController.swift */; };
		1989B62C1E115677007E87B2 /* GoogleMobileAds.framework in Frameworks */ = {isa = PBXBuildFile; fileRef = 1989B62B1E115677007E87B2 /* GoogleMobileAds.framework */; };
		1989B62E1E115699007E87B2 /* AdSupport.framework in Frameworks */ = {isa = PBXBuildFile; fileRef = 1989B62D1E115699007E87B2 /* AdSupport.framework */; };
		1989B6301E1156A3007E87B2 /* AudioToolbox.framework in Frameworks */ = {isa = PBXBuildFile; fileRef = 1989B62F1E1156A3007E87B2 /* AudioToolbox.framework */; };
		1989B6321E1156B1007E87B2 /* AVFoundation.framework in Frameworks */ = {isa = PBXBuildFile; fileRef = 1989B6311E1156B1007E87B2 /* AVFoundation.framework */; };
		1989B6341E1156C0007E87B2 /* CoreGraphics.framework in Frameworks */ = {isa = PBXBuildFile; fileRef = 1989B6331E1156C0007E87B2 /* CoreGraphics.framework */; };
		1989B6361E1156D1007E87B2 /* CoreMedia.framework in Frameworks */ = {isa = PBXBuildFile; fileRef = 1989B6351E1156D1007E87B2 /* CoreMedia.framework */; };
		1989B6381E1156DF007E87B2 /* CoreTelephony.framework in Frameworks */ = {isa = PBXBuildFile; fileRef = 1989B6371E1156DF007E87B2 /* CoreTelephony.framework */; };
		1989B63A1E1156F0007E87B2 /* EventKit.framework in Frameworks */ = {isa = PBXBuildFile; fileRef = 1989B6391E1156F0007E87B2 /* EventKit.framework */; };
		1989B63C1E1156FF007E87B2 /* EventKitUI.framework in Frameworks */ = {isa = PBXBuildFile; fileRef = 1989B63B1E1156FF007E87B2 /* EventKitUI.framework */; };
		1989B63E1E115712007E87B2 /* Messages.framework in Frameworks */ = {isa = PBXBuildFile; fileRef = 1989B63D1E115712007E87B2 /* Messages.framework */; };
		19B01B2E1E0FCF7300AE46F8 /* AppDelegate.swift in Sources */ = {isa = PBXBuildFile; fileRef = 19B01B2D1E0FCF7300AE46F8 /* AppDelegate.swift */; };
		19B01B301E0FCF7300AE46F8 /* ViewController.swift in Sources */ = {isa = PBXBuildFile; fileRef = 19B01B2F1E0FCF7300AE46F8 /* ViewController.swift */; };
		19B01B331E0FCF7300AE46F8 /* Main.storyboard in Resources */ = {isa = PBXBuildFile; fileRef = 19B01B311E0FCF7300AE46F8 /* Main.storyboard */; };
		19B01B351E0FCF7300AE46F8 /* Assets.xcassets in Resources */ = {isa = PBXBuildFile; fileRef = 19B01B341E0FCF7300AE46F8 /* Assets.xcassets */; };
		19B01B381E0FCF7300AE46F8 /* LaunchScreen.storyboard in Resources */ = {isa = PBXBuildFile; fileRef = 19B01B361E0FCF7300AE46F8 /* LaunchScreen.storyboard */; };
		19B01B431E0FCF7300AE46F8 /* JapanCompleteTests.swift in Sources */ = {isa = PBXBuildFile; fileRef = 19B01B421E0FCF7300AE46F8 /* JapanCompleteTests.swift */; };
		19B01B4E1E0FCF7300AE46F8 /* JapanCompleteUITests.swift in Sources */ = {isa = PBXBuildFile; fileRef = 19B01B4D1E0FCF7300AE46F8 /* JapanCompleteUITests.swift */; };
		19B01BA61E0FD0C000AE46F8 /* event.js in Resources */ = {isa = PBXBuildFile; fileRef = 19B01B8E1E0FD0C000AE46F8 /* event.js */; };
		19B01BA71E0FD0C000AE46F8 /* map.html in Resources */ = {isa = PBXBuildFile; fileRef = 19B01B8F1E0FD0C000AE46F8 /* map.html */; };
		19B01BA81E0FD0C000AE46F8 /* fullmap.png in Resources */ = {isa = PBXBuildFile; fileRef = 19B01B911E0FD0C000AE46F8 /* fullmap.png */; };
		19B01BA91E0FD0C000AE46F8 /* help@2x.png in Resources */ = {isa = PBXBuildFile; fileRef = 19B01B921E0FD0C000AE46F8 /* help@2x.png */; };
		19B01BAA1E0FD0C000AE46F8 /* Icon-40@2x.png in Resources */ = {isa = PBXBuildFile; fileRef = 19B01B931E0FD0C000AE46F8 /* Icon-40@2x.png */; };
		19B01BAB1E0FD0C000AE46F8 /* Icon-40@3x.png in Resources */ = {isa = PBXBuildFile; fileRef = 19B01B941E0FD0C000AE46F8 /* Icon-40@3x.png */; };
		19B01BAC1E0FD0C000AE46F8 /* Icon-60@2x.png in Resources */ = {isa = PBXBuildFile; fileRef = 19B01B951E0FD0C000AE46F8 /* Icon-60@2x.png */; };
		19B01BAD1E0FD0C000AE46F8 /* Icon-60@3x.png in Resources */ = {isa = PBXBuildFile; fileRef = 19B01B961E0FD0C000AE46F8 /* Icon-60@3x.png */; };
		19B01BAE1E0FD0C000AE46F8 /* Icon-76.png in Resources */ = {isa = PBXBuildFile; fileRef = 19B01B971E0FD0C000AE46F8 /* Icon-76.png */; };
		19B01BAF1E0FD0C000AE46F8 /* Icon-76@2x.png in Resources */ = {isa = PBXBuildFile; fileRef = 19B01B981E0FD0C000AE46F8 /* Icon-76@2x.png */; };
		19B01BB01E0FD0C000AE46F8 /* Icon-Small.png in Resources */ = {isa = PBXBuildFile; fileRef = 19B01B991E0FD0C000AE46F8 /* Icon-Small.png */; };
		19B01BB11E0FD0C000AE46F8 /* Icon-Small@2x.png in Resources */ = {isa = PBXBuildFile; fileRef = 19B01B9A1E0FD0C000AE46F8 /* Icon-Small@2x.png */; };
		19B01BB21E0FD0C000AE46F8 /* Icon-Small@3x.png in Resources */ = {isa = PBXBuildFile; fileRef = 19B01B9B1E0FD0C000AE46F8 /* Icon-Small@3x.png */; };
		19B01BB31E0FD0C000AE46F8 /* icon29@2x.png in Resources */ = {isa = PBXBuildFile; fileRef = 19B01B9C1E0FD0C000AE46F8 /* icon29@2x.png */; };
		19B01BB41E0FD0C100AE46F8 /* icon40@2x.png in Resources */ = {isa = PBXBuildFile; fileRef = 19B01B9D1E0FD0C000AE46F8 /* icon40@2x.png */; };
		19B01BB51E0FD0C100AE46F8 /* icon60@2x.png in Resources */ = {isa = PBXBuildFile; fileRef = 19B01B9E1E0FD0C000AE46F8 /* icon60@2x.png */; };
		19B01BB61E0FD0C100AE46F8 /* LaunchImage640x1136.png in Resources */ = {isa = PBXBuildFile; fileRef = 19B01B9F1E0FD0C000AE46F8 /* LaunchImage640x1136.png */; };
		19B01BB71E0FD0C100AE46F8 /* LaunchImage640x960.png in Resources */ = {isa = PBXBuildFile; fileRef = 19B01BA01E0FD0C000AE46F8 /* LaunchImage640x960.png */; };
		19B01BB81E0FD0C100AE46F8 /* manual@2x.png in Resources */ = {isa = PBXBuildFile; fileRef = 19B01BA11E0FD0C000AE46F8 /* manual@2x.png */; };
		19B01BB91E0FD0C100AE46F8 /* map@2x.png in Resources */ = {isa = PBXBuildFile; fileRef = 19B01BA21E0FD0C000AE46F8 /* map@2x.png */; };
		19B01BBA1E0FD0C100AE46F8 /* pen@2x.png in Resources */ = {isa = PBXBuildFile; fileRef = 19B01BA31E0FD0C000AE46F8 /* pen@2x.png */; };
		19B01BBB1E0FD0C100AE46F8 /* share@2x.png in Resources */ = {isa = PBXBuildFile; fileRef = 19B01BA41E0FD0C000AE46F8 /* share@2x.png */; };
		19B01BBC1E0FD0C100AE46F8 /* test.png in Resources */ = {isa = PBXBuildFile; fileRef = 19B01BA51E0FD0C000AE46F8 /* test.png */; };
		19B01BBE1E10DF0B00AE46F8 /* historyViewController.swift in Sources */ = {isa = PBXBuildFile; fileRef = 19B01BBD1E10DF0B00AE46F8 /* historyViewController.swift */; };
		19D05B331E16CA2900A8778F /* helpViewController.swift in Sources */ = {isa = PBXBuildFile; fileRef = 19D05B311E16CA2900A8778F /* helpViewController.swift */; };
		19FB32951E11573900AD8404 /* StoreKit.framework in Frameworks */ = {isa = PBXBuildFile; fileRef = 19FB32941E11573900AD8404 /* StoreKit.framework */; };
		19FB32971E11574C00AD8404 /* SystemConfiguration.framework in Frameworks */ = {isa = PBXBuildFile; fileRef = 19FB32961E11574C00AD8404 /* SystemConfiguration.framework */; };
		19FB32991E116C9800AD8404 /* ColorDef.swift in Sources */ = {isa = PBXBuildFile; fileRef = 19FB32981E116C9800AD8404 /* ColorDef.swift */; };
		19FB329E1E1185E100AD8404 /* Localizable.strings in Resources */ = {isa = PBXBuildFile; fileRef = 19FB32A01E1185E100AD8404 /* Localizable.strings */; };
		44ECBCD7F3FD161B97893602 /* Pods_JapanCompleteTests.framework in Frameworks */ = {isa = PBXBuildFile; fileRef = 726870F010954BBEECAC18E1 /* Pods_JapanCompleteTests.framework */; };
		49ED31ABA7D00E39D12F142C /* Pods_JapanCompleteUITests.framework in Frameworks */ = {isa = PBXBuildFile; fileRef = 06BCECFAC7369ABF075C4669 /* Pods_JapanCompleteUITests.framework */; };
		6A504AE896CA4BD30E00A07D /* Pods_JapanComplete.framework in Frameworks */ = {isa = PBXBuildFile; fileRef = FD9DF283AB5C7F0C1CD29A35 /* Pods_JapanComplete.framework */; };
/* End PBXBuildFile section */

/* Begin PBXContainerItemProxy section */
		19B01B3F1E0FCF7300AE46F8 /* PBXContainerItemProxy */ = {
			isa = PBXContainerItemProxy;
			containerPortal = 19B01B221E0FCF7200AE46F8 /* Project object */;
			proxyType = 1;
			remoteGlobalIDString = 19B01B291E0FCF7200AE46F8;
			remoteInfo = JapanComplete;
		};
		19B01B4A1E0FCF7300AE46F8 /* PBXContainerItemProxy */ = {
			isa = PBXContainerItemProxy;
			containerPortal = 19B01B221E0FCF7200AE46F8 /* Project object */;
			proxyType = 1;
			remoteGlobalIDString = 19B01B291E0FCF7200AE46F8;
			remoteInfo = JapanComplete;
		};
/* End PBXContainerItemProxy section */

/* Begin PBXFileReference section */
		06BCECFAC7369ABF075C4669 /* Pods_JapanCompleteUITests.framework */ = {isa = PBXFileReference; explicitFileType = wrapper.framework; includeInIndex = 0; path = Pods_JapanCompleteUITests.framework; sourceTree = BUILT_PRODUCTS_DIR; };
		192A82B11E1219EC00A9C2E1 /* prefecture.json */ = {isa = PBXFileReference; fileEncoding = 4; lastKnownFileType = text.json; path = prefecture.json; sourceTree = "<group>"; };
		1989B6251E10E356007E87B2 /* Font_Awesome_Swift.framework */ = {isa = PBXFileReference; lastKnownFileType = wrapper.framework; name = Font_Awesome_Swift.framework; path = "../../Library/Developer/Xcode/DerivedData/JapanComplete-awqdcknynpmyeufsrmwoofmludvr/Build/Products/Debug-iphonesimulator/Font-Awesome-Swift/Font_Awesome_Swift.framework"; sourceTree = "<group>"; };
		1989B6271E10E455007E87B2 /* customTabBarController.swift */ = {isa = PBXFileReference; fileEncoding = 4; lastKnownFileType = sourcecode.swift; path = customTabBarController.swift; sourceTree = "<group>"; };
		1989B6291E10E9D5007E87B2 /* settingViewController.swift */ = {isa = PBXFileReference; fileEncoding = 4; lastKnownFileType = sourcecode.swift; path = settingViewController.swift; sourceTree = "<group>"; };
		1989B62B1E115677007E87B2 /* GoogleMobileAds.framework */ = {isa = PBXFileReference; lastKnownFileType = wrapper.framework; path = GoogleMobileAds.framework; sourceTree = "<group>"; };
		1989B62D1E115699007E87B2 /* AdSupport.framework */ = {isa = PBXFileReference; lastKnownFileType = wrapper.framework; name = AdSupport.framework; path = System/Library/Frameworks/AdSupport.framework; sourceTree = SDKROOT; };
		1989B62F1E1156A3007E87B2 /* AudioToolbox.framework */ = {isa = PBXFileReference; lastKnownFileType = wrapper.framework; name = AudioToolbox.framework; path = System/Library/Frameworks/AudioToolbox.framework; sourceTree = SDKROOT; };
		1989B6311E1156B1007E87B2 /* AVFoundation.framework */ = {isa = PBXFileReference; lastKnownFileType = wrapper.framework; name = AVFoundation.framework; path = System/Library/Frameworks/AVFoundation.framework; sourceTree = SDKROOT; };
		1989B6331E1156C0007E87B2 /* CoreGraphics.framework */ = {isa = PBXFileReference; lastKnownFileType = wrapper.framework; name = CoreGraphics.framework; path = System/Library/Frameworks/CoreGraphics.framework; sourceTree = SDKROOT; };
		1989B6351E1156D1007E87B2 /* CoreMedia.framework */ = {isa = PBXFileReference; lastKnownFileType = wrapper.framework; name = CoreMedia.framework; path = System/Library/Frameworks/CoreMedia.framework; sourceTree = SDKROOT; };
		1989B6371E1156DF007E87B2 /* CoreTelephony.framework */ = {isa = PBXFileReference; lastKnownFileType = wrapper.framework; name = CoreTelephony.framework; path = System/Library/Frameworks/CoreTelephony.framework; sourceTree = SDKROOT; };
		1989B6391E1156F0007E87B2 /* EventKit.framework */ = {isa = PBXFileReference; lastKnownFileType = wrapper.framework; name = EventKit.framework; path = System/Library/Frameworks/EventKit.framework; sourceTree = SDKROOT; };
		1989B63B1E1156FF007E87B2 /* EventKitUI.framework */ = {isa = PBXFileReference; lastKnownFileType = wrapper.framework; name = EventKitUI.framework; path = System/Library/Frameworks/EventKitUI.framework; sourceTree = SDKROOT; };
		1989B63D1E115712007E87B2 /* Messages.framework */ = {isa = PBXFileReference; lastKnownFileType = wrapper.framework; name = Messages.framework; path = System/Library/Frameworks/Messages.framework; sourceTree = SDKROOT; };
		19B01B2A1E0FCF7200AE46F8 /* JapanComplete.app */ = {isa = PBXFileReference; explicitFileType = wrapper.application; includeInIndex = 0; path = JapanComplete.app; sourceTree = BUILT_PRODUCTS_DIR; };
		19B01B2D1E0FCF7300AE46F8 /* AppDelegate.swift */ = {isa = PBXFileReference; lastKnownFileType = sourcecode.swift; path = AppDelegate.swift; sourceTree = "<group>"; };
		19B01B2F1E0FCF7300AE46F8 /* ViewController.swift */ = {isa = PBXFileReference; lastKnownFileType = sourcecode.swift; path = ViewController.swift; sourceTree = "<group>"; };
		19B01B321E0FCF7300AE46F8 /* Base */ = {isa = PBXFileReference; lastKnownFileType = file.storyboard; name = Base; path = Base.lproj/Main.storyboard; sourceTree = "<group>"; };
		19B01B341E0FCF7300AE46F8 /* Assets.xcassets */ = {isa = PBXFileReference; lastKnownFileType = folder.assetcatalog; path = Assets.xcassets; sourceTree = "<group>"; };
		19B01B371E0FCF7300AE46F8 /* Base */ = {isa = PBXFileReference; lastKnownFileType = file.storyboard; name = Base; path = Base.lproj/LaunchScreen.storyboard; sourceTree = "<group>"; };
		19B01B391E0FCF7300AE46F8 /* Info.plist */ = {isa = PBXFileReference; lastKnownFileType = text.plist.xml; path = Info.plist; sourceTree = "<group>"; };
		19B01B3E1E0FCF7300AE46F8 /* JapanCompleteTests.xctest */ = {isa = PBXFileReference; explicitFileType = wrapper.cfbundle; includeInIndex = 0; path = JapanCompleteTests.xctest; sourceTree = BUILT_PRODUCTS_DIR; };
		19B01B421E0FCF7300AE46F8 /* JapanCompleteTests.swift */ = {isa = PBXFileReference; lastKnownFileType = sourcecode.swift; path = JapanCompleteTests.swift; sourceTree = "<group>"; };
		19B01B441E0FCF7300AE46F8 /* Info.plist */ = {isa = PBXFileReference; lastKnownFileType = text.plist.xml; path = Info.plist; sourceTree = "<group>"; };
		19B01B491E0FCF7300AE46F8 /* JapanCompleteUITests.xctest */ = {isa = PBXFileReference; explicitFileType = wrapper.cfbundle; includeInIndex = 0; path = JapanCompleteUITests.xctest; sourceTree = BUILT_PRODUCTS_DIR; };
		19B01B4D1E0FCF7300AE46F8 /* JapanCompleteUITests.swift */ = {isa = PBXFileReference; lastKnownFileType = sourcecode.swift; path = JapanCompleteUITests.swift; sourceTree = "<group>"; };
		19B01B4F1E0FCF7300AE46F8 /* Info.plist */ = {isa = PBXFileReference; lastKnownFileType = text.plist.xml; path = Info.plist; sourceTree = "<group>"; };
		19B01B8E1E0FD0C000AE46F8 /* event.js */ = {isa = PBXFileReference; fileEncoding = 4; lastKnownFileType = sourcecode.javascript; path = event.js; sourceTree = "<group>"; };
		19B01B8F1E0FD0C000AE46F8 /* map.html */ = {isa = PBXFileReference; fileEncoding = 4; lastKnownFileType = text.html; path = map.html; sourceTree = "<group>"; };
		19B01B911E0FD0C000AE46F8 /* fullmap.png */ = {isa = PBXFileReference; lastKnownFileType = image.png; path = fullmap.png; sourceTree = "<group>"; };
		19B01B921E0FD0C000AE46F8 /* help@2x.png */ = {isa = PBXFileReference; lastKnownFileType = image.png; path = "help@2x.png"; sourceTree = "<group>"; };
		19B01B931E0FD0C000AE46F8 /* Icon-40@2x.png */ = {isa = PBXFileReference; lastKnownFileType = image.png; path = "Icon-40@2x.png"; sourceTree = "<group>"; };
		19B01B941E0FD0C000AE46F8 /* Icon-40@3x.png */ = {isa = PBXFileReference; lastKnownFileType = image.png; path = "Icon-40@3x.png"; sourceTree = "<group>"; };
		19B01B951E0FD0C000AE46F8 /* Icon-60@2x.png */ = {isa = PBXFileReference; lastKnownFileType = image.png; path = "Icon-60@2x.png"; sourceTree = "<group>"; };
		19B01B961E0FD0C000AE46F8 /* Icon-60@3x.png */ = {isa = PBXFileReference; lastKnownFileType = image.png; path = "Icon-60@3x.png"; sourceTree = "<group>"; };
		19B01B971E0FD0C000AE46F8 /* Icon-76.png */ = {isa = PBXFileReference; lastKnownFileType = image.png; path = "Icon-76.png"; sourceTree = "<group>"; };
		19B01B981E0FD0C000AE46F8 /* Icon-76@2x.png */ = {isa = PBXFileReference; lastKnownFileType = image.png; path = "Icon-76@2x.png"; sourceTree = "<group>"; };
		19B01B991E0FD0C000AE46F8 /* Icon-Small.png */ = {isa = PBXFileReference; lastKnownFileType = image.png; path = "Icon-Small.png"; sourceTree = "<group>"; };
		19B01B9A1E0FD0C000AE46F8 /* Icon-Small@2x.png */ = {isa = PBXFileReference; lastKnownFileType = image.png; path = "Icon-Small@2x.png"; sourceTree = "<group>"; };
		19B01B9B1E0FD0C000AE46F8 /* Icon-Small@3x.png */ = {isa = PBXFileReference; lastKnownFileType = image.png; path = "Icon-Small@3x.png"; sourceTree = "<group>"; };
		19B01B9C1E0FD0C000AE46F8 /* icon29@2x.png */ = {isa = PBXFileReference; lastKnownFileType = image.png; path = "icon29@2x.png"; sourceTree = "<group>"; };
		19B01B9D1E0FD0C000AE46F8 /* icon40@2x.png */ = {isa = PBXFileReference; lastKnownFileType = image.png; path = "icon40@2x.png"; sourceTree = "<group>"; };
		19B01B9E1E0FD0C000AE46F8 /* icon60@2x.png */ = {isa = PBXFileReference; lastKnownFileType = image.png; path = "icon60@2x.png"; sourceTree = "<group>"; };
		19B01B9F1E0FD0C000AE46F8 /* LaunchImage640x1136.png */ = {isa = PBXFileReference; lastKnownFileType = image.png; path = LaunchImage640x1136.png; sourceTree = "<group>"; };
		19B01BA01E0FD0C000AE46F8 /* LaunchImage640x960.png */ = {isa = PBXFileReference; lastKnownFileType = image.png; path = LaunchImage640x960.png; sourceTree = "<group>"; };
		19B01BA11E0FD0C000AE46F8 /* manual@2x.png */ = {isa = PBXFileReference; lastKnownFileType = image.png; path = "manual@2x.png"; sourceTree = "<group>"; };
		19B01BA21E0FD0C000AE46F8 /* map@2x.png */ = {isa = PBXFileReference; lastKnownFileType = image.png; path = "map@2x.png"; sourceTree = "<group>"; };
		19B01BA31E0FD0C000AE46F8 /* pen@2x.png */ = {isa = PBXFileReference; lastKnownFileType = image.png; path = "pen@2x.png"; sourceTree = "<group>"; };
		19B01BA41E0FD0C000AE46F8 /* share@2x.png */ = {isa = PBXFileReference; lastKnownFileType = image.png; path = "share@2x.png"; sourceTree = "<group>"; };
		19B01BA51E0FD0C000AE46F8 /* test.png */ = {isa = PBXFileReference; lastKnownFileType = image.png; path = test.png; sourceTree = "<group>"; };
		19B01BBD1E10DF0B00AE46F8 /* historyViewController.swift */ = {isa = PBXFileReference; fileEncoding = 4; lastKnownFileType = sourcecode.swift; path = historyViewController.swift; sourceTree = "<group>"; };
		19D05B311E16CA2900A8778F /* helpViewController.swift */ = {isa = PBXFileReference; fileEncoding = 4; lastKnownFileType = sourcecode.swift; path = helpViewController.swift; sourceTree = "<group>"; };
		19FB32941E11573900AD8404 /* StoreKit.framework */ = {isa = PBXFileReference; lastKnownFileType = wrapper.framework; name = StoreKit.framework; path = System/Library/Frameworks/StoreKit.framework; sourceTree = SDKROOT; };
		19FB32961E11574C00AD8404 /* SystemConfiguration.framework */ = {isa = PBXFileReference; lastKnownFileType = wrapper.framework; name = SystemConfiguration.framework; path = System/Library/Frameworks/SystemConfiguration.framework; sourceTree = SDKROOT; };
		19FB32981E116C9800AD8404 /* ColorDef.swift */ = {isa = PBXFileReference; fileEncoding = 4; lastKnownFileType = sourcecode.swift; path = ColorDef.swift; sourceTree = "<group>"; };
		19FB329F1E1185E100AD8404 /* Base */ = {isa = PBXFileReference; lastKnownFileType = text.plist.strings; name = Base; path = Base.lproj/Localizable.strings; sourceTree = "<group>"; };
		19FB32A41E11870200AD8404 /* ja */ = {isa = PBXFileReference; lastKnownFileType = text.plist.strings; name = ja; path = ja.lproj/Localizable.strings; sourceTree = "<group>"; };
		726870F010954BBEECAC18E1 /* Pods_JapanCompleteTests.framework */ = {isa = PBXFileReference; explicitFileType = wrapper.framework; includeInIndex = 0; path = Pods_JapanCompleteTests.framework; sourceTree = BUILT_PRODUCTS_DIR; };
		7386EC193119AFDE5A59F087 /* Pods-JapanComplete.debug.xcconfig */ = {isa = PBXFileReference; includeInIndex = 1; lastKnownFileType = text.xcconfig; name = "Pods-JapanComplete.debug.xcconfig"; path = "Pods/Target Support Files/Pods-JapanComplete/Pods-JapanComplete.debug.xcconfig"; sourceTree = "<group>"; };
		7E5E02AA00143D60A144F68A /* Pods-JapanComplete.release.xcconfig */ = {isa = PBXFileReference; includeInIndex = 1; lastKnownFileType = text.xcconfig; name = "Pods-JapanComplete.release.xcconfig"; path = "Pods/Target Support Files/Pods-JapanComplete/Pods-JapanComplete.release.xcconfig"; sourceTree = "<group>"; };
		AB824A7E415CB2893FB1FEA7 /* Pods-JapanCompleteTests.debug.xcconfig */ = {isa = PBXFileReference; includeInIndex = 1; lastKnownFileType = text.xcconfig; name = "Pods-JapanCompleteTests.debug.xcconfig"; path = "Pods/Target Support Files/Pods-JapanCompleteTests/Pods-JapanCompleteTests.debug.xcconfig"; sourceTree = "<group>"; };
		C4A80D427301D0C4CA2AA3E4 /* Pods-JapanCompleteUITests.release.xcconfig */ = {isa = PBXFileReference; includeInIndex = 1; lastKnownFileType = text.xcconfig; name = "Pods-JapanCompleteUITests.release.xcconfig"; path = "Pods/Target Support Files/Pods-JapanCompleteUITests/Pods-JapanCompleteUITests.release.xcconfig"; sourceTree = "<group>"; };
		CB289C2A6E406FC614A84767 /* Pods-JapanCompleteTests.release.xcconfig */ = {isa = PBXFileReference; includeInIndex = 1; lastKnownFileType = text.xcconfig; name = "Pods-JapanCompleteTests.release.xcconfig"; path = "Pods/Target Support Files/Pods-JapanCompleteTests/Pods-JapanCompleteTests.release.xcconfig"; sourceTree = "<group>"; };
		D5B1F96824EAD3D7CF871C5A /* Pods-JapanCompleteUITests.debug.xcconfig */ = {isa = PBXFileReference; includeInIndex = 1; lastKnownFileType = text.xcconfig; name = "Pods-JapanCompleteUITests.debug.xcconfig"; path = "Pods/Target Support Files/Pods-JapanCompleteUITests/Pods-JapanCompleteUITests.debug.xcconfig"; sourceTree = "<group>"; };
		FD9DF283AB5C7F0C1CD29A35 /* Pods_JapanComplete.framework */ = {isa = PBXFileReference; explicitFileType = wrapper.framework; includeInIndex = 0; path = Pods_JapanComplete.framework; sourceTree = BUILT_PRODUCTS_DIR; };
/* End PBXFileReference section */

/* Begin PBXFrameworksBuildPhase section */
		19B01B271E0FCF7200AE46F8 /* Frameworks */ = {
			isa = PBXFrameworksBuildPhase;
			buildActionMask = 2147483647;
			files = (
				19FB32971E11574C00AD8404 /* SystemConfiguration.framework in Frameworks */,
				19FB32951E11573900AD8404 /* StoreKit.framework in Frameworks */,
				1989B63E1E115712007E87B2 /* Messages.framework in Frameworks */,
				1989B63C1E1156FF007E87B2 /* EventKitUI.framework in Frameworks */,
				1989B63A1E1156F0007E87B2 /* EventKit.framework in Frameworks */,
				1989B6381E1156DF007E87B2 /* CoreTelephony.framework in Frameworks */,
				1989B6361E1156D1007E87B2 /* CoreMedia.framework in Frameworks */,
				1989B6341E1156C0007E87B2 /* CoreGraphics.framework in Frameworks */,
				1989B6321E1156B1007E87B2 /* AVFoundation.framework in Frameworks */,
				1989B6301E1156A3007E87B2 /* AudioToolbox.framework in Frameworks */,
				1989B62E1E115699007E87B2 /* AdSupport.framework in Frameworks */,
				1989B62C1E115677007E87B2 /* GoogleMobileAds.framework in Frameworks */,
				1989B6261E10E356007E87B2 /* Font_Awesome_Swift.framework in Frameworks */,
				6A504AE896CA4BD30E00A07D /* Pods_JapanComplete.framework in Frameworks */,
			);
			runOnlyForDeploymentPostprocessing = 0;
		};
		19B01B3B1E0FCF7300AE46F8 /* Frameworks */ = {
			isa = PBXFrameworksBuildPhase;
			buildActionMask = 2147483647;
			files = (
				44ECBCD7F3FD161B97893602 /* Pods_JapanCompleteTests.framework in Frameworks */,
			);
			runOnlyForDeploymentPostprocessing = 0;
		};
		19B01B461E0FCF7300AE46F8 /* Frameworks */ = {
			isa = PBXFrameworksBuildPhase;
			buildActionMask = 2147483647;
			files = (
				49ED31ABA7D00E39D12F142C /* Pods_JapanCompleteUITests.framework in Frameworks */,
			);
			runOnlyForDeploymentPostprocessing = 0;
		};
/* End PBXFrameworksBuildPhase section */

/* Begin PBXGroup section */
		19B01B211E0FCF7200AE46F8 = {
			isa = PBXGroup;
			children = (
				1989B62B1E115677007E87B2 /* GoogleMobileAds.framework */,
				19B01B2C1E0FCF7200AE46F8 /* JapanComplete */,
				19B01B8C1E0FD0C000AE46F8 /* html */,
				19B01B901E0FD0C000AE46F8 /* icon */,
				19FB32A01E1185E100AD8404 /* Localizable.strings */,
				192A82B11E1219EC00A9C2E1 /* prefecture.json */,
				19B01B411E0FCF7300AE46F8 /* JapanCompleteTests */,
				19B01B4C1E0FCF7300AE46F8 /* JapanCompleteUITests */,
				19B01B2B1E0FCF7200AE46F8 /* Products */,
				D9B937110382F3ECCAFFED69 /* Pods */,
				9EF0C62F9DF0E8E9CE692822 /* Frameworks */,
			);
			sourceTree = "<group>";
		};
		19B01B2B1E0FCF7200AE46F8 /* Products */ = {
			isa = PBXGroup;
			children = (
				19B01B2A1E0FCF7200AE46F8 /* JapanComplete.app */,
				19B01B3E1E0FCF7300AE46F8 /* JapanCompleteTests.xctest */,
				19B01B491E0FCF7300AE46F8 /* JapanCompleteUITests.xctest */,
			);
			name = Products;
			sourceTree = "<group>";
		};
		19B01B2C1E0FCF7200AE46F8 /* JapanComplete */ = {
			isa = PBXGroup;
			children = (
				19D05B311E16CA2900A8778F /* helpViewController.swift */,
				19B01B2D1E0FCF7300AE46F8 /* AppDelegate.swift */,
				19B01B2F1E0FCF7300AE46F8 /* ViewController.swift */,
				19B01B311E0FCF7300AE46F8 /* Main.storyboard */,
				19B01B341E0FCF7300AE46F8 /* Assets.xcassets */,
				19B01B361E0FCF7300AE46F8 /* LaunchScreen.storyboard */,
				19B01B391E0FCF7300AE46F8 /* Info.plist */,
				19B01BBD1E10DF0B00AE46F8 /* historyViewController.swift */,
				1989B6271E10E455007E87B2 /* customTabBarController.swift */,
				1989B6291E10E9D5007E87B2 /* settingViewController.swift */,
				19FB32981E116C9800AD8404 /* ColorDef.swift */,
			);
			path = JapanComplete;
			sourceTree = "<group>";
		};
		19B01B411E0FCF7300AE46F8 /* JapanCompleteTests */ = {
			isa = PBXGroup;
			children = (
				19B01B421E0FCF7300AE46F8 /* JapanCompleteTests.swift */,
				19B01B441E0FCF7300AE46F8 /* Info.plist */,
			);
			path = JapanCompleteTests;
			sourceTree = "<group>";
		};
		19B01B4C1E0FCF7300AE46F8 /* JapanCompleteUITests */ = {
			isa = PBXGroup;
			children = (
				19B01B4D1E0FCF7300AE46F8 /* JapanCompleteUITests.swift */,
				19B01B4F1E0FCF7300AE46F8 /* Info.plist */,
			);
			path = JapanCompleteUITests;
			sourceTree = "<group>";
		};
		19B01B8C1E0FD0C000AE46F8 /* html */ = {
			isa = PBXGroup;
			children = (
				19B01B8D1E0FD0C000AE46F8 /* js */,
				19B01B8F1E0FD0C000AE46F8 /* map.html */,
			);
			name = html;
			path = JapanComplete/html;
			sourceTree = "<group>";
		};
		19B01B8D1E0FD0C000AE46F8 /* js */ = {
			isa = PBXGroup;
			children = (
				19B01B8E1E0FD0C000AE46F8 /* event.js */,
			);
			path = js;
			sourceTree = "<group>";
		};
		19B01B901E0FD0C000AE46F8 /* icon */ = {
			isa = PBXGroup;
			children = (
				19B01B911E0FD0C000AE46F8 /* fullmap.png */,
				19B01B921E0FD0C000AE46F8 /* help@2x.png */,
				19B01B931E0FD0C000AE46F8 /* Icon-40@2x.png */,
				19B01B941E0FD0C000AE46F8 /* Icon-40@3x.png */,
				19B01B951E0FD0C000AE46F8 /* Icon-60@2x.png */,
				19B01B961E0FD0C000AE46F8 /* Icon-60@3x.png */,
				19B01B971E0FD0C000AE46F8 /* Icon-76.png */,
				19B01B981E0FD0C000AE46F8 /* Icon-76@2x.png */,
				19B01B991E0FD0C000AE46F8 /* Icon-Small.png */,
				19B01B9A1E0FD0C000AE46F8 /* Icon-Small@2x.png */,
				19B01B9B1E0FD0C000AE46F8 /* Icon-Small@3x.png */,
				19B01B9C1E0FD0C000AE46F8 /* icon29@2x.png */,
				19B01B9D1E0FD0C000AE46F8 /* icon40@2x.png */,
				19B01B9E1E0FD0C000AE46F8 /* icon60@2x.png */,
				19B01B9F1E0FD0C000AE46F8 /* LaunchImage640x1136.png */,
				19B01BA01E0FD0C000AE46F8 /* LaunchImage640x960.png */,
				19B01BA11E0FD0C000AE46F8 /* manual@2x.png */,
				19B01BA21E0FD0C000AE46F8 /* map@2x.png */,
				19B01BA31E0FD0C000AE46F8 /* pen@2x.png */,
				19B01BA41E0FD0C000AE46F8 /* share@2x.png */,
				19B01BA51E0FD0C000AE46F8 /* test.png */,
			);
			name = icon;
			path = JapanComplete/icon;
			sourceTree = "<group>";
		};
		9EF0C62F9DF0E8E9CE692822 /* Frameworks */ = {
			isa = PBXGroup;
			children = (
				19FB32961E11574C00AD8404 /* SystemConfiguration.framework */,
				19FB32941E11573900AD8404 /* StoreKit.framework */,
				1989B63D1E115712007E87B2 /* Messages.framework */,
				1989B63B1E1156FF007E87B2 /* EventKitUI.framework */,
				1989B6391E1156F0007E87B2 /* EventKit.framework */,
				1989B6371E1156DF007E87B2 /* CoreTelephony.framework */,
				1989B6351E1156D1007E87B2 /* CoreMedia.framework */,
				1989B6331E1156C0007E87B2 /* CoreGraphics.framework */,
				1989B6311E1156B1007E87B2 /* AVFoundation.framework */,
				1989B62F1E1156A3007E87B2 /* AudioToolbox.framework */,
				1989B62D1E115699007E87B2 /* AdSupport.framework */,
				1989B6251E10E356007E87B2 /* Font_Awesome_Swift.framework */,
				FD9DF283AB5C7F0C1CD29A35 /* Pods_JapanComplete.framework */,
				726870F010954BBEECAC18E1 /* Pods_JapanCompleteTests.framework */,
				06BCECFAC7369ABF075C4669 /* Pods_JapanCompleteUITests.framework */,
			);
			name = Frameworks;
			sourceTree = "<group>";
		};
		D9B937110382F3ECCAFFED69 /* Pods */ = {
			isa = PBXGroup;
			children = (
				7386EC193119AFDE5A59F087 /* Pods-JapanComplete.debug.xcconfig */,
				7E5E02AA00143D60A144F68A /* Pods-JapanComplete.release.xcconfig */,
				AB824A7E415CB2893FB1FEA7 /* Pods-JapanCompleteTests.debug.xcconfig */,
				CB289C2A6E406FC614A84767 /* Pods-JapanCompleteTests.release.xcconfig */,
				D5B1F96824EAD3D7CF871C5A /* Pods-JapanCompleteUITests.debug.xcconfig */,
				C4A80D427301D0C4CA2AA3E4 /* Pods-JapanCompleteUITests.release.xcconfig */,
			);
			name = Pods;
			sourceTree = "<group>";
		};
/* End PBXGroup section */

/* Begin PBXNativeTarget section */
		19B01B291E0FCF7200AE46F8 /* JapanComplete */ = {
			isa = PBXNativeTarget;
			buildConfigurationList = 19B01B521E0FCF7300AE46F8 /* Build configuration list for PBXNativeTarget "JapanComplete" */;
			buildPhases = (
				E40EB530202308CB9699B172 /* [CP] Check Pods Manifest.lock */,
				19B01B261E0FCF7200AE46F8 /* Sources */,
				19B01B271E0FCF7200AE46F8 /* Frameworks */,
				19B01B281E0FCF7200AE46F8 /* Resources */,
				0C8B0F7E21BA7FCD52A9B466 /* [CP] Embed Pods Frameworks */,
				9346B25C81EE89F1D9EFCCBA /* [CP] Copy Pods Resources */,
			);
			buildRules = (
			);
			dependencies = (
			);
			name = JapanComplete;
			productName = JapanComplete;
			productReference = 19B01B2A1E0FCF7200AE46F8 /* JapanComplete.app */;
			productType = "com.apple.product-type.application";
		};
		19B01B3D1E0FCF7300AE46F8 /* JapanCompleteTests */ = {
			isa = PBXNativeTarget;
			buildConfigurationList = 19B01B551E0FCF7300AE46F8 /* Build configuration list for PBXNativeTarget "JapanCompleteTests" */;
			buildPhases = (
				80C97A9818B949EF1A970D5A /* [CP] Check Pods Manifest.lock */,
				19B01B3A1E0FCF7300AE46F8 /* Sources */,
				19B01B3B1E0FCF7300AE46F8 /* Frameworks */,
				19B01B3C1E0FCF7300AE46F8 /* Resources */,
				8A689442D27E278956BAB597 /* [CP] Embed Pods Frameworks */,
				DD54E56178EA641958CD17FB /* [CP] Copy Pods Resources */,
			);
			buildRules = (
			);
			dependencies = (
				19B01B401E0FCF7300AE46F8 /* PBXTargetDependency */,
			);
			name = JapanCompleteTests;
			productName = JapanCompleteTests;
			productReference = 19B01B3E1E0FCF7300AE46F8 /* JapanCompleteTests.xctest */;
			productType = "com.apple.product-type.bundle.unit-test";
		};
		19B01B481E0FCF7300AE46F8 /* JapanCompleteUITests */ = {
			isa = PBXNativeTarget;
			buildConfigurationList = 19B01B581E0FCF7300AE46F8 /* Build configuration list for PBXNativeTarget "JapanCompleteUITests" */;
			buildPhases = (
				C7BEDC9AD3B0CEB1C0B74E2C /* [CP] Check Pods Manifest.lock */,
				19B01B451E0FCF7300AE46F8 /* Sources */,
				19B01B461E0FCF7300AE46F8 /* Frameworks */,
				19B01B471E0FCF7300AE46F8 /* Resources */,
				4F4E0727B3BEE291D18A4397 /* [CP] Embed Pods Frameworks */,
				A68CEB686BE3C18CF4D3E53B /* [CP] Copy Pods Resources */,
			);
			buildRules = (
			);
			dependencies = (
				19B01B4B1E0FCF7300AE46F8 /* PBXTargetDependency */,
			);
			name = JapanCompleteUITests;
			productName = JapanCompleteUITests;
			productReference = 19B01B491E0FCF7300AE46F8 /* JapanCompleteUITests.xctest */;
			productType = "com.apple.product-type.bundle.ui-testing";
		};
/* End PBXNativeTarget section */

/* Begin PBXProject section */
		19B01B221E0FCF7200AE46F8 /* Project object */ = {
			isa = PBXProject;
			attributes = {
				LastSwiftUpdateCheck = 0820;
				LastUpgradeCheck = 0820;
				ORGANIZATIONNAME = "Eriko Ichinohe";
				TargetAttributes = {
					19B01B291E0FCF7200AE46F8 = {
						CreatedOnToolsVersion = 8.2.1;
						DevelopmentTeam = NF6KLZDSZ2;
						ProvisioningStyle = Automatic;
					};
					19B01B3D1E0FCF7300AE46F8 = {
						CreatedOnToolsVersion = 8.2.1;
						DevelopmentTeam = NF6KLZDSZ2;
						ProvisioningStyle = Automatic;
						TestTargetID = 19B01B291E0FCF7200AE46F8;
					};
					19B01B481E0FCF7300AE46F8 = {
						CreatedOnToolsVersion = 8.2.1;
						DevelopmentTeam = NF6KLZDSZ2;
						ProvisioningStyle = Automatic;
						TestTargetID = 19B01B291E0FCF7200AE46F8;
					};
				};
			};
			buildConfigurationList = 19B01B251E0FCF7200AE46F8 /* Build configuration list for PBXProject "JapanComplete" */;
			compatibilityVersion = "Xcode 3.2";
			developmentRegion = English;
			hasScannedForEncodings = 0;
			knownRegions = (
				en,
				Base,
				ja,
			);
			mainGroup = 19B01B211E0FCF7200AE46F8;
			productRefGroup = 19B01B2B1E0FCF7200AE46F8 /* Products */;
			projectDirPath = "";
			projectRoot = "";
			targets = (
				19B01B291E0FCF7200AE46F8 /* JapanComplete */,
				19B01B3D1E0FCF7300AE46F8 /* JapanCompleteTests */,
				19B01B481E0FCF7300AE46F8 /* JapanCompleteUITests */,
			);
		};
/* End PBXProject section */

/* Begin PBXResourcesBuildPhase section */
		19B01B281E0FCF7200AE46F8 /* Resources */ = {
			isa = PBXResourcesBuildPhase;
			buildActionMask = 2147483647;
			files = (
				19B01BB51E0FD0C100AE46F8 /* icon60@2x.png in Resources */,
				19B01B381E0FCF7300AE46F8 /* LaunchScreen.storyboard in Resources */,
				19B01BBA1E0FD0C100AE46F8 /* pen@2x.png in Resources */,
				19B01BB91E0FD0C100AE46F8 /* map@2x.png in Resources */,
				192A82B21E1219EC00A9C2E1 /* prefecture.json in Resources */,
				19B01BAC1E0FD0C000AE46F8 /* Icon-60@2x.png in Resources */,
				19B01BBC1E0FD0C100AE46F8 /* test.png in Resources */,
				19B01BA61E0FD0C000AE46F8 /* event.js in Resources */,
				19B01BB71E0FD0C100AE46F8 /* LaunchImage640x960.png in Resources */,
				19B01BB41E0FD0C100AE46F8 /* icon40@2x.png in Resources */,
				19B01BB11E0FD0C000AE46F8 /* Icon-Small@2x.png in Resources */,
				19B01BAF1E0FD0C000AE46F8 /* Icon-76@2x.png in Resources */,
				19B01BBB1E0FD0C100AE46F8 /* share@2x.png in Resources */,
				19B01BA71E0FD0C000AE46F8 /* map.html in Resources */,
				19B01B351E0FCF7300AE46F8 /* Assets.xcassets in Resources */,
				19B01BAE1E0FD0C000AE46F8 /* Icon-76.png in Resources */,
				19B01BAB1E0FD0C000AE46F8 /* Icon-40@3x.png in Resources */,
				19FB329E1E1185E100AD8404 /* Localizable.strings in Resources */,
				19B01BB01E0FD0C000AE46F8 /* Icon-Small.png in Resources */,
				19B01BB31E0FD0C000AE46F8 /* icon29@2x.png in Resources */,
				19B01BB81E0FD0C100AE46F8 /* manual@2x.png in Resources */,
				19B01BA91E0FD0C000AE46F8 /* help@2x.png in Resources */,
				19B01BAA1E0FD0C000AE46F8 /* Icon-40@2x.png in Resources */,
				19B01B331E0FCF7300AE46F8 /* Main.storyboard in Resources */,
				19B01BA81E0FD0C000AE46F8 /* fullmap.png in Resources */,
				19B01BB61E0FD0C100AE46F8 /* LaunchImage640x1136.png in Resources */,
				19B01BB21E0FD0C000AE46F8 /* Icon-Small@3x.png in Resources */,
				19B01BAD1E0FD0C000AE46F8 /* Icon-60@3x.png in Resources */,
			);
			runOnlyForDeploymentPostprocessing = 0;
		};
		19B01B3C1E0FCF7300AE46F8 /* Resources */ = {
			isa = PBXResourcesBuildPhase;
			buildActionMask = 2147483647;
			files = (
			);
			runOnlyForDeploymentPostprocessing = 0;
		};
		19B01B471E0FCF7300AE46F8 /* Resources */ = {
			isa = PBXResourcesBuildPhase;
			buildActionMask = 2147483647;
			files = (
			);
			runOnlyForDeploymentPostprocessing = 0;
		};
/* End PBXResourcesBuildPhase section */

/* Begin PBXShellScriptBuildPhase section */
		0C8B0F7E21BA7FCD52A9B466 /* [CP] Embed Pods Frameworks */ = {
			isa = PBXShellScriptBuildPhase;
			buildActionMask = 2147483647;
			files = (
			);
			inputPaths = (
			);
			name = "[CP] Embed Pods Frameworks";
			outputPaths = (
			);
			runOnlyForDeploymentPostprocessing = 0;
			shellPath = /bin/sh;
			shellScript = "\"${SRCROOT}/Pods/Target Support Files/Pods-JapanComplete/Pods-JapanComplete-frameworks.sh\"\n";
			showEnvVarsInLog = 0;
		};
		4F4E0727B3BEE291D18A4397 /* [CP] Embed Pods Frameworks */ = {
			isa = PBXShellScriptBuildPhase;
			buildActionMask = 2147483647;
			files = (
			);
			inputPaths = (
			);
			name = "[CP] Embed Pods Frameworks";
			outputPaths = (
			);
			runOnlyForDeploymentPostprocessing = 0;
			shellPath = /bin/sh;
			shellScript = "\"${SRCROOT}/Pods/Target Support Files/Pods-JapanCompleteUITests/Pods-JapanCompleteUITests-frameworks.sh\"\n";
			showEnvVarsInLog = 0;
		};
		80C97A9818B949EF1A970D5A /* [CP] Check Pods Manifest.lock */ = {
			isa = PBXShellScriptBuildPhase;
			buildActionMask = 2147483647;
			files = (
			);
			inputPaths = (
			);
			name = "[CP] Check Pods Manifest.lock";
			outputPaths = (
			);
			runOnlyForDeploymentPostprocessing = 0;
			shellPath = /bin/sh;
			shellScript = "diff \"${PODS_ROOT}/../Podfile.lock\" \"${PODS_ROOT}/Manifest.lock\" > /dev/null\nif [ $? != 0 ] ; then\n    # print error to STDERR\n    echo \"error: The sandbox is not in sync with the Podfile.lock. Run 'pod install' or update your CocoaPods installation.\" >&2\n    exit 1\nfi\n";
			showEnvVarsInLog = 0;
		};
		8A689442D27E278956BAB597 /* [CP] Embed Pods Frameworks */ = {
			isa = PBXShellScriptBuildPhase;
			buildActionMask = 2147483647;
			files = (
			);
			inputPaths = (
			);
			name = "[CP] Embed Pods Frameworks";
			outputPaths = (
			);
			runOnlyForDeploymentPostprocessing = 0;
			shellPath = /bin/sh;
			shellScript = "\"${SRCROOT}/Pods/Target Support Files/Pods-JapanCompleteTests/Pods-JapanCompleteTests-frameworks.sh\"\n";
			showEnvVarsInLog = 0;
		};
		9346B25C81EE89F1D9EFCCBA /* [CP] Copy Pods Resources */ = {
			isa = PBXShellScriptBuildPhase;
			buildActionMask = 2147483647;
			files = (
			);
			inputPaths = (
			);
			name = "[CP] Copy Pods Resources";
			outputPaths = (
			);
			runOnlyForDeploymentPostprocessing = 0;
			shellPath = /bin/sh;
			shellScript = "\"${SRCROOT}/Pods/Target Support Files/Pods-JapanComplete/Pods-JapanComplete-resources.sh\"\n";
			showEnvVarsInLog = 0;
		};
		A68CEB686BE3C18CF4D3E53B /* [CP] Copy Pods Resources */ = {
			isa = PBXShellScriptBuildPhase;
			buildActionMask = 2147483647;
			files = (
			);
			inputPaths = (
			);
			name = "[CP] Copy Pods Resources";
			outputPaths = (
			);
			runOnlyForDeploymentPostprocessing = 0;
			shellPath = /bin/sh;
			shellScript = "\"${SRCROOT}/Pods/Target Support Files/Pods-JapanCompleteUITests/Pods-JapanCompleteUITests-resources.sh\"\n";
			showEnvVarsInLog = 0;
		};
		C7BEDC9AD3B0CEB1C0B74E2C /* [CP] Check Pods Manifest.lock */ = {
			isa = PBXShellScriptBuildPhase;
			buildActionMask = 2147483647;
			files = (
			);
			inputPaths = (
			);
			name = "[CP] Check Pods Manifest.lock";
			outputPaths = (
			);
			runOnlyForDeploymentPostprocessing = 0;
			shellPath = /bin/sh;
			shellScript = "diff \"${PODS_ROOT}/../Podfile.lock\" \"${PODS_ROOT}/Manifest.lock\" > /dev/null\nif [ $? != 0 ] ; then\n    # print error to STDERR\n    echo \"error: The sandbox is not in sync with the Podfile.lock. Run 'pod install' or update your CocoaPods installation.\" >&2\n    exit 1\nfi\n";
			showEnvVarsInLog = 0;
		};
		DD54E56178EA641958CD17FB /* [CP] Copy Pods Resources */ = {
			isa = PBXShellScriptBuildPhase;
			buildActionMask = 2147483647;
			files = (
			);
			inputPaths = (
			);
			name = "[CP] Copy Pods Resources";
			outputPaths = (
			);
			runOnlyForDeploymentPostprocessing = 0;
			shellPath = /bin/sh;
			shellScript = "\"${SRCROOT}/Pods/Target Support Files/Pods-JapanCompleteTests/Pods-JapanCompleteTests-resources.sh\"\n";
			showEnvVarsInLog = 0;
		};
		E40EB530202308CB9699B172 /* [CP] Check Pods Manifest.lock */ = {
			isa = PBXShellScriptBuildPhase;
			buildActionMask = 2147483647;
			files = (
			);
			inputPaths = (
			);
			name = "[CP] Check Pods Manifest.lock";
			outputPaths = (
			);
			runOnlyForDeploymentPostprocessing = 0;
			shellPath = /bin/sh;
			shellScript = "diff \"${PODS_ROOT}/../Podfile.lock\" \"${PODS_ROOT}/Manifest.lock\" > /dev/null\nif [ $? != 0 ] ; then\n    # print error to STDERR\n    echo \"error: The sandbox is not in sync with the Podfile.lock. Run 'pod install' or update your CocoaPods installation.\" >&2\n    exit 1\nfi\n";
			showEnvVarsInLog = 0;
		};
/* End PBXShellScriptBuildPhase section */

/* Begin PBXSourcesBuildPhase section */
		19B01B261E0FCF7200AE46F8 /* Sources */ = {
			isa = PBXSourcesBuildPhase;
			buildActionMask = 2147483647;
			files = (
				19B01B301E0FCF7300AE46F8 /* ViewController.swift in Sources */,
				1989B6281E10E455007E87B2 /* customTabBarController.swift in Sources */,
				19D05B331E16CA2900A8778F /* helpViewController.swift in Sources */,
				1989B62A1E10E9D5007E87B2 /* settingViewController.swift in Sources */,
				19FB32991E116C9800AD8404 /* ColorDef.swift in Sources */,
				19B01B2E1E0FCF7300AE46F8 /* AppDelegate.swift in Sources */,
				19B01BBE1E10DF0B00AE46F8 /* historyViewController.swift in Sources */,
			);
			runOnlyForDeploymentPostprocessing = 0;
		};
		19B01B3A1E0FCF7300AE46F8 /* Sources */ = {
			isa = PBXSourcesBuildPhase;
			buildActionMask = 2147483647;
			files = (
				19B01B431E0FCF7300AE46F8 /* JapanCompleteTests.swift in Sources */,
			);
			runOnlyForDeploymentPostprocessing = 0;
		};
		19B01B451E0FCF7300AE46F8 /* Sources */ = {
			isa = PBXSourcesBuildPhase;
			buildActionMask = 2147483647;
			files = (
				19B01B4E1E0FCF7300AE46F8 /* JapanCompleteUITests.swift in Sources */,
			);
			runOnlyForDeploymentPostprocessing = 0;
		};
/* End PBXSourcesBuildPhase section */

/* Begin PBXTargetDependency section */
		19B01B401E0FCF7300AE46F8 /* PBXTargetDependency */ = {
			isa = PBXTargetDependency;
			target = 19B01B291E0FCF7200AE46F8 /* JapanComplete */;
			targetProxy = 19B01B3F1E0FCF7300AE46F8 /* PBXContainerItemProxy */;
		};
		19B01B4B1E0FCF7300AE46F8 /* PBXTargetDependency */ = {
			isa = PBXTargetDependency;
			target = 19B01B291E0FCF7200AE46F8 /* JapanComplete */;
			targetProxy = 19B01B4A1E0FCF7300AE46F8 /* PBXContainerItemProxy */;
		};
/* End PBXTargetDependency section */

/* Begin PBXVariantGroup section */
		19B01B311E0FCF7300AE46F8 /* Main.storyboard */ = {
			isa = PBXVariantGroup;
			children = (
				19B01B321E0FCF7300AE46F8 /* Base */,
			);
			name = Main.storyboard;
			sourceTree = "<group>";
		};
		19B01B361E0FCF7300AE46F8 /* LaunchScreen.storyboard */ = {
			isa = PBXVariantGroup;
			children = (
				19B01B371E0FCF7300AE46F8 /* Base */,
			);
			name = LaunchScreen.storyboard;
			sourceTree = "<group>";
		};
		19FB32A01E1185E100AD8404 /* Localizable.strings */ = {
			isa = PBXVariantGroup;
			children = (
				19FB329F1E1185E100AD8404 /* Base */,
				19FB32A41E11870200AD8404 /* ja */,
			);
			name = Localizable.strings;
			sourceTree = "<group>";
		};
/* End PBXVariantGroup section */

/* Begin XCBuildConfiguration section */
		19B01B501E0FCF7300AE46F8 /* Debug */ = {
			isa = XCBuildConfiguration;
			buildSettings = {
				ALWAYS_SEARCH_USER_PATHS = NO;
				CLANG_ANALYZER_LOCALIZABILITY_NONLOCALIZED = YES;
				CLANG_ANALYZER_NONNULL = YES;
				CLANG_CXX_LANGUAGE_STANDARD = "gnu++0x";
				CLANG_CXX_LIBRARY = "libc++";
				CLANG_ENABLE_MODULES = YES;
				CLANG_ENABLE_OBJC_ARC = YES;
				CLANG_WARN_BOOL_CONVERSION = YES;
				CLANG_WARN_CONSTANT_CONVERSION = YES;
				CLANG_WARN_DIRECT_OBJC_ISA_USAGE = YES_ERROR;
				CLANG_WARN_DOCUMENTATION_COMMENTS = YES;
				CLANG_WARN_EMPTY_BODY = YES;
				CLANG_WARN_ENUM_CONVERSION = YES;
				CLANG_WARN_INFINITE_RECURSION = YES;
				CLANG_WARN_INT_CONVERSION = YES;
				CLANG_WARN_OBJC_ROOT_CLASS = YES_ERROR;
				CLANG_WARN_SUSPICIOUS_MOVE = YES;
				CLANG_WARN_UNREACHABLE_CODE = YES;
				CLANG_WARN__DUPLICATE_METHOD_MATCH = YES;
				"CODE_SIGN_IDENTITY[sdk=iphoneos*]" = "iPhone Developer";
				COPY_PHASE_STRIP = NO;
				DEBUG_INFORMATION_FORMAT = dwarf;
				ENABLE_STRICT_OBJC_MSGSEND = YES;
				ENABLE_TESTABILITY = YES;
				GCC_C_LANGUAGE_STANDARD = gnu99;
				GCC_DYNAMIC_NO_PIC = NO;
				GCC_NO_COMMON_BLOCKS = YES;
				GCC_OPTIMIZATION_LEVEL = 0;
				GCC_PREPROCESSOR_DEFINITIONS = (
					"DEBUG=1",
					"$(inherited)",
				);
				GCC_WARN_64_TO_32_BIT_CONVERSION = YES;
				GCC_WARN_ABOUT_RETURN_TYPE = YES_ERROR;
				GCC_WARN_UNDECLARED_SELECTOR = YES;
				GCC_WARN_UNINITIALIZED_AUTOS = YES_AGGRESSIVE;
				GCC_WARN_UNUSED_FUNCTION = YES;
				GCC_WARN_UNUSED_VARIABLE = YES;
				IPHONEOS_DEPLOYMENT_TARGET = 10.2;
				MTL_ENABLE_DEBUG_INFO = YES;
				ONLY_ACTIVE_ARCH = YES;
				SDKROOT = iphoneos;
				SWIFT_ACTIVE_COMPILATION_CONDITIONS = DEBUG;
				SWIFT_OPTIMIZATION_LEVEL = "-Onone";
				TARGETED_DEVICE_FAMILY = "1,2";
			};
			name = Debug;
		};
		19B01B511E0FCF7300AE46F8 /* Release */ = {
			isa = XCBuildConfiguration;
			buildSettings = {
				ALWAYS_SEARCH_USER_PATHS = NO;
				CLANG_ANALYZER_LOCALIZABILITY_NONLOCALIZED = YES;
				CLANG_ANALYZER_NONNULL = YES;
				CLANG_CXX_LANGUAGE_STANDARD = "gnu++0x";
				CLANG_CXX_LIBRARY = "libc++";
				CLANG_ENABLE_MODULES = YES;
				CLANG_ENABLE_OBJC_ARC = YES;
				CLANG_WARN_BOOL_CONVERSION = YES;
				CLANG_WARN_CONSTANT_CONVERSION = YES;
				CLANG_WARN_DIRECT_OBJC_ISA_USAGE = YES_ERROR;
				CLANG_WARN_DOCUMENTATION_COMMENTS = YES;
				CLANG_WARN_EMPTY_BODY = YES;
				CLANG_WARN_ENUM_CONVERSION = YES;
				CLANG_WARN_INFINITE_RECURSION = YES;
				CLANG_WARN_INT_CONVERSION = YES;
				CLANG_WARN_OBJC_ROOT_CLASS = YES_ERROR;
				CLANG_WARN_SUSPICIOUS_MOVE = YES;
				CLANG_WARN_UNREACHABLE_CODE = YES;
				CLANG_WARN__DUPLICATE_METHOD_MATCH = YES;
				"CODE_SIGN_IDENTITY[sdk=iphoneos*]" = "iPhone Developer";
				COPY_PHASE_STRIP = NO;
				DEBUG_INFORMATION_FORMAT = "dwarf-with-dsym";
				ENABLE_NS_ASSERTIONS = NO;
				ENABLE_STRICT_OBJC_MSGSEND = YES;
				GCC_C_LANGUAGE_STANDARD = gnu99;
				GCC_NO_COMMON_BLOCKS = YES;
				GCC_WARN_64_TO_32_BIT_CONVERSION = YES;
				GCC_WARN_ABOUT_RETURN_TYPE = YES_ERROR;
				GCC_WARN_UNDECLARED_SELECTOR = YES;
				GCC_WARN_UNINITIALIZED_AUTOS = YES_AGGRESSIVE;
				GCC_WARN_UNUSED_FUNCTION = YES;
				GCC_WARN_UNUSED_VARIABLE = YES;
				IPHONEOS_DEPLOYMENT_TARGET = 10.2;
				MTL_ENABLE_DEBUG_INFO = NO;
				SDKROOT = iphoneos;
				SWIFT_OPTIMIZATION_LEVEL = "-Owholemodule";
				TARGETED_DEVICE_FAMILY = "1,2";
				VALIDATE_PRODUCT = YES;
			};
			name = Release;
		};
		19B01B531E0FCF7300AE46F8 /* Debug */ = {
			isa = XCBuildConfiguration;
			baseConfigurationReference = 7386EC193119AFDE5A59F087 /* Pods-JapanComplete.debug.xcconfig */;
			buildSettings = {
				ASSETCATALOG_COMPILER_APPICON_NAME = AppIcon;
				DEVELOPMENT_TEAM = NF6KLZDSZ2;
				FRAMEWORK_SEARCH_PATHS = (
					"$(inherited)",
					"$(PROJECT_DIR)",
				);
				INFOPLIST_FILE = JapanComplete/Info.plist;
				LD_RUNPATH_SEARCH_PATHS = "$(inherited) @executable_path/Frameworks";
				PRODUCT_BUNDLE_IDENTIFIER = com.erikoichinohe.JapanComplete;
				PRODUCT_NAME = "$(TARGET_NAME)";
				SWIFT_VERSION = 3.0;
			};
			name = Debug;
		};
		19B01B541E0FCF7300AE46F8 /* Release */ = {
			isa = XCBuildConfiguration;
			baseConfigurationReference = 7E5E02AA00143D60A144F68A /* Pods-JapanComplete.release.xcconfig */;
			buildSettings = {
				ASSETCATALOG_COMPILER_APPICON_NAME = AppIcon;
				DEVELOPMENT_TEAM = NF6KLZDSZ2;
				FRAMEWORK_SEARCH_PATHS = (
					"$(inherited)",
					"$(PROJECT_DIR)",
				);
				INFOPLIST_FILE = JapanComplete/Info.plist;
				LD_RUNPATH_SEARCH_PATHS = "$(inherited) @executable_path/Frameworks";
				PRODUCT_BUNDLE_IDENTIFIER = com.erikoichinohe.JapanComplete;
				PRODUCT_NAME = "$(TARGET_NAME)";
				SWIFT_VERSION = 3.0;
			};
			name = Release;
		};
		19B01B561E0FCF7300AE46F8 /* Debug */ = {
			isa = XCBuildConfiguration;
			baseConfigurationReference = AB824A7E415CB2893FB1FEA7 /* Pods-JapanCompleteTests.debug.xcconfig */;
			buildSettings = {
				ALWAYS_EMBED_SWIFT_STANDARD_LIBRARIES = YES;
				BUNDLE_LOADER = "$(TEST_HOST)";
				DEVELOPMENT_TEAM = NF6KLZDSZ2;
				INFOPLIST_FILE = JapanCompleteTests/Info.plist;
				LD_RUNPATH_SEARCH_PATHS = "$(inherited) @executable_path/Frameworks @loader_path/Frameworks";
				PRODUCT_BUNDLE_IDENTIFIER = com.erikoichinohe.JapanCompleteTests;
				PRODUCT_NAME = "$(TARGET_NAME)";
				SWIFT_VERSION = 3.0;
				TEST_HOST = "$(BUILT_PRODUCTS_DIR)/JapanComplete.app/JapanComplete";
			};
			name = Debug;
		};
		19B01B571E0FCF7300AE46F8 /* Release */ = {
			isa = XCBuildConfiguration;
			baseConfigurationReference = CB289C2A6E406FC614A84767 /* Pods-JapanCompleteTests.release.xcconfig */;
			buildSettings = {
				ALWAYS_EMBED_SWIFT_STANDARD_LIBRARIES = YES;
				BUNDLE_LOADER = "$(TEST_HOST)";
				DEVELOPMENT_TEAM = NF6KLZDSZ2;
				INFOPLIST_FILE = JapanCompleteTests/Info.plist;
				LD_RUNPATH_SEARCH_PATHS = "$(inherited) @executable_path/Frameworks @loader_path/Frameworks";
				PRODUCT_BUNDLE_IDENTIFIER = com.erikoichinohe.JapanCompleteTests;
				PRODUCT_NAME = "$(TARGET_NAME)";
				SWIFT_VERSION = 3.0;
				TEST_HOST = "$(BUILT_PRODUCTS_DIR)/JapanComplete.app/JapanComplete";
			};
			name = Release;
		};
		19B01B591E0FCF7300AE46F8 /* Debug */ = {
			isa = XCBuildConfiguration;
			baseConfigurationReference = D5B1F96824EAD3D7CF871C5A /* Pods-JapanCompleteUITests.debug.xcconfig */;
			buildSettings = {
				ALWAYS_EMBED_SWIFT_STANDARD_LIBRARIES = YES;
				DEVELOPMENT_TEAM = NF6KLZDSZ2;
				INFOPLIST_FILE = JapanCompleteUITests/Info.plist;
				LD_RUNPATH_SEARCH_PATHS = "$(inherited) @executable_path/Frameworks @loader_path/Frameworks";
				PRODUCT_BUNDLE_IDENTIFIER = com.erikoichinohe.JapanCompleteUITests;
				PRODUCT_NAME = "$(TARGET_NAME)";
				SWIFT_VERSION = 3.0;
				TEST_TARGET_NAME = JapanComplete;
			};
			name = Debug;
		};
		19B01B5A1E0FCF7300AE46F8 /* Release */ = {
			isa = XCBuildConfiguration;
			baseConfigurationReference = C4A80D427301D0C4CA2AA3E4 /* Pods-JapanCompleteUITests.release.xcconfig */;
			buildSettings = {
				ALWAYS_EMBED_SWIFT_STANDARD_LIBRARIES = YES;
				DEVELOPMENT_TEAM = NF6KLZDSZ2;
				INFOPLIST_FILE = JapanCompleteUITests/Info.plist;
				LD_RUNPATH_SEARCH_PATHS = "$(inherited) @executable_path/Frameworks @loader_path/Frameworks";
				PRODUCT_BUNDLE_IDENTIFIER = com.erikoichinohe.JapanCompleteUITests;
				PRODUCT_NAME = "$(TARGET_NAME)";
				SWIFT_VERSION = 3.0;
				TEST_TARGET_NAME = JapanComplete;
			};
			name = Release;
		};
/* End XCBuildConfiguration section */

/* Begin XCConfigurationList section */
		19B01B251E0FCF7200AE46F8 /* Build configuration list for PBXProject "JapanComplete" */ = {
			isa = XCConfigurationList;
			buildConfigurations = (
				19B01B501E0FCF7300AE46F8 /* Debug */,
				19B01B511E0FCF7300AE46F8 /* Release */,
			);
			defaultConfigurationIsVisible = 0;
			defaultConfigurationName = Release;
		};
		19B01B521E0FCF7300AE46F8 /* Build configuration list for PBXNativeTarget "JapanComplete" */ = {
			isa = XCConfigurationList;
			buildConfigurations = (
				19B01B531E0FCF7300AE46F8 /* Debug */,
				19B01B541E0FCF7300AE46F8 /* Release */,
			);
			defaultConfigurationIsVisible = 0;
			defaultConfigurationName = Release;
		};
		19B01B551E0FCF7300AE46F8 /* Build configuration list for PBXNativeTarget "JapanCompleteTests" */ = {
			isa = XCConfigurationList;
			buildConfigurations = (
				19B01B561E0FCF7300AE46F8 /* Debug */,
				19B01B571E0FCF7300AE46F8 /* Release */,
			);
			defaultConfigurationIsVisible = 0;
			defaultConfigurationName = Release;
		};
		19B01B581E0FCF7300AE46F8 /* Build configuration list for PBXNativeTarget "JapanCompleteUITests" */ = {
			isa = XCConfigurationList;
			buildConfigurations = (
				19B01B591E0FCF7300AE46F8 /* Debug */,
				19B01B5A1E0FCF7300AE46F8 /* Release */,
			);
			defaultConfigurationIsVisible = 0;
			defaultConfigurationName = Release;
		};
/* End XCConfigurationList section */
	};
	rootObject = 19B01B221E0FCF7200AE46F8 /* Project object */;
}
